
Microsoft Visual Studio Solution File, Format Version 12.00
# Visual Studio 15
VisualStudioVersion = 15.0.28307.421
MinimumVisualStudioVersion = 10.0.40219.1
Project("{FAE04EC0-301F-11D3-BF4B-00C04F79EFBC}") = "City", "Sity\City.csproj", "{758F34D9-7DCB-4BD6-8206-F406C3D3A28E}"
EndProject
Global
	GlobalSection(SolutionConfigurationPlatforms) = preSolution
		Debug|Any CPU = Debug|Any CPU
		Release|Any CPU = Release|Any CPU
	EndGlobalSection
	GlobalSection(ProjectConfigurationPlatforms) = postSolution
		{758F34D9-7DCB-4BD6-8206-F406C3D3A28E}.Debug|Any CPU.ActiveCfg = Debug|Any CPU
		{758F34D9-7DCB-4BD6-8206-F406C3D3A28E}.Debug|Any CPU.Build.0 = Debug|Any CPU
		{758F34D9-7DCB-4BD6-8206-F406C3D3A28E}.Release|Any CPU.ActiveCfg = Release|Any CPU
		{758F34D9-7DCB-4BD6-8206-F406C3D3A28E}.Release|Any CPU.Build.0 = Release|Any CPU
	EndGlobalSection
	GlobalSection(SolutionProperties) = preSolution
		HideSolutionNode = FALSE
	EndGlobalSection
	GlobalSection(ExtensibilityGlobals) = postSolution
		SolutionGuid = {A287EA5A-784B-4242-BBE9-450DE4A28B6E}
	EndGlobalSection
EndGlobal
